
Microsoft Visual Studio Solution File, Format Version 12.00
# Visual Studio Version 16
VisualStudioVersion = 16.0.31321.278
MinimumVisualStudioVersion = 10.0.40219.1
Project("{FAE04EC0-301F-11D3-BF4B-00C04F79EFBC}") = "BlazorServerAzureAD", "BlazorServerAzureAD\BlazorServerAzureAD.csproj", "{CAD085F8-7594-46D0-B450-DE60190677C1}"
EndProject
Global
	GlobalSection(SolutionConfigurationPlatforms) = preSolution
		Debug|Any CPU = Debug|Any CPU
		Release|Any CPU = Release|Any CPU
	EndGlobalSection
	GlobalSection(ProjectConfigurationPlatforms) = postSolution
		{CAD085F8-7594-46D0-B450-DE60190677C1}.Debug|Any CPU.ActiveCfg = Debug|Any CPU
		{CAD085F8-7594-46D0-B450-DE60190677C1}.Debug|Any CPU.Build.0 = Debug|Any CPU
		{CAD085F8-7594-46D0-B450-DE60190677C1}.Release|Any CPU.ActiveCfg = Release|Any CPU
		{CAD085F8-7594-46D0-B450-DE60190677C1}.Release|Any CPU.Build.0 = Release|Any CPU
	EndGlobalSection
	GlobalSection(SolutionProperties) = preSolution
		HideSolutionNode = FALSE
	EndGlobalSection
	GlobalSection(ExtensibilityGlobals) = postSolution
		SolutionGuid = {6DAE49DE-D0EF-4409-85B2-6F1667A7224A}
	EndGlobalSection
EndGlobal
